
Microsoft Visual Studio Solution File, Format Version 12.00
# Visual Studio Version 16
VisualStudioVersion = 16.0.32929.386
MinimumVisualStudioVersion = 10.0.40219.1
Project("{FAE04EC0-301F-11D3-BF4B-00C04F79EFBC}") = "linqdz", "linqdz\linqdz.csproj", "{B8DEF578-47A6-4333-AE2C-7936F8538BCF}"
EndProject
Global
	GlobalSection(SolutionConfigurationPlatforms) = preSolution
		Debug|Any CPU = Debug|Any CPU
		Release|Any CPU = Release|Any CPU
	EndGlobalSection
	GlobalSection(ProjectConfigurationPlatforms) = postSolution
		{B8DEF578-47A6-4333-AE2C-7936F8538BCF}.Debug|Any CPU.ActiveCfg = Debug|Any CPU
		{B8DEF578-47A6-4333-AE2C-7936F8538BCF}.Debug|Any CPU.Build.0 = Debug|Any CPU
		{B8DEF578-47A6-4333-AE2C-7936F8538BCF}.Release|Any CPU.ActiveCfg = Release|Any CPU
		{B8DEF578-47A6-4333-AE2C-7936F8538BCF}.Release|Any CPU.Build.0 = Release|Any CPU
	EndGlobalSection
	GlobalSection(SolutionProperties) = preSolution
		HideSolutionNode = FALSE
	EndGlobalSection
	GlobalSection(ExtensibilityGlobals) = postSolution
		SolutionGuid = {061572F2-1074-48DF-9780-2916EB33885E}
	EndGlobalSection
EndGlobal
